
Microsoft Visual Studio Solution File, Format Version 12.00
# Visual Studio Version 16
VisualStudioVersion = 16.0.35026.282
MinimumVisualStudioVersion = 10.0.40219.1
Project("{FAE04EC0-301F-11D3-BF4B-00C04F79EFBC}") = "BirthdayConsoleApp", "BirthdayConsoleApp\BirthdayConsoleApp.csproj", "{9715EE05-4217-422B-9C81-48EAF55A6DDE}"
EndProject
Global
	GlobalSection(SolutionConfigurationPlatforms) = preSolution
		Debug|Any CPU = Debug|Any CPU
		Release|Any CPU = Release|Any CPU
	EndGlobalSection
	GlobalSection(ProjectConfigurationPlatforms) = postSolution
		{9715EE05-4217-422B-9C81-48EAF55A6DDE}.Debug|Any CPU.ActiveCfg = Debug|Any CPU
		{9715EE05-4217-422B-9C81-48EAF55A6DDE}.Debug|Any CPU.Build.0 = Debug|Any CPU
		{9715EE05-4217-422B-9C81-48EAF55A6DDE}.Release|Any CPU.ActiveCfg = Release|Any CPU
		{9715EE05-4217-422B-9C81-48EAF55A6DDE}.Release|Any CPU.Build.0 = Release|Any CPU
	EndGlobalSection
	GlobalSection(SolutionProperties) = preSolution
		HideSolutionNode = FALSE
	EndGlobalSection
	GlobalSection(ExtensibilityGlobals) = postSolution
		SolutionGuid = {09191091-4EA1-48FB-9691-0265B1B0ECCF}
	EndGlobalSection
EndGlobal
